
Microsoft Visual Studio Solution File, Format Version 12.00
# Visual Studio Version 17
VisualStudioVersion = 17.7.34221.43
MinimumVisualStudioVersion = 10.0.40219.1
Project("{8BC9CEB8-8B4A-11D0-8D11-00A0C91BC942}") = "Advent Code Project", "Advent Code Project.vcxproj", "{35E6C7F3-7AEC-4E0C-A91E-9DD11CB91F21}"
EndProject
Global
	GlobalSection(SolutionConfigurationPlatforms) = preSolution
		Debug|x64 = Debug|x64
		Debug|x86 = Debug|x86
		Release|x64 = Release|x64
		Release|x86 = Release|x86
	EndGlobalSection
	GlobalSection(ProjectConfigurationPlatforms) = postSolution
		{35E6C7F3-7AEC-4E0C-A91E-9DD11CB91F21}.Debug|x64.ActiveCfg = Debug|x64
		{35E6C7F3-7AEC-4E0C-A91E-9DD11CB91F21}.Debug|x64.Build.0 = Debug|x64
		{35E6C7F3-7AEC-4E0C-A91E-9DD11CB91F21}.Debug|x86.ActiveCfg = Debug|Win32
		{35E6C7F3-7AEC-4E0C-A91E-9DD11CB91F21}.Debug|x86.Build.0 = Debug|Win32
		{35E6C7F3-7AEC-4E0C-A91E-9DD11CB91F21}.Release|x64.ActiveCfg = Release|x64
		{35E6C7F3-7AEC-4E0C-A91E-9DD11CB91F21}.Release|x64.Build.0 = Release|x64
		{35E6C7F3-7AEC-4E0C-A91E-9DD11CB91F21}.Release|x86.ActiveCfg = Release|Win32
		{35E6C7F3-7AEC-4E0C-A91E-9DD11CB91F21}.Release|x86.Build.0 = Release|Win32
	EndGlobalSection
	GlobalSection(SolutionProperties) = preSolution
		HideSolutionNode = FALSE
	EndGlobalSection
	GlobalSection(ExtensibilityGlobals) = postSolution
		SolutionGuid = {D6DAE3D6-30D6-4BB9-A501-EB6706D28DE8}
	EndGlobalSection
EndGlobal
